Microsoft Visual Studio Solution File, Format Version 12.00
# Visual Studio Express 2013 for Windows Desktop
VisualStudioVersion = 12.0.21005.1
MinimumVisualStudioVersion = 10.0.40219.1
Project("{8BC9CEB8-8B4A-11D0-8D11-00A0C91BC942}") = "gamepad", "gamepad.vcxproj", "{E2771FEA-3ADA-41BC-AA24-6497D17A32B1}"
EndProject
Project("{8BC9CEB8-8B4A-11D0-8D11-00A0C91BC942}") = "lookup", "lookup.vcxproj", "{F54B1CE6-19E7-4A34-9913-1D04B336378E}"
EndProject
Project("{8BC9CEB8-8B4A-11D0-8D11-00A0C91BC942}") = "iispace", "iispace.vcxproj", "{F900F8BE-6839-4F7A-B28E-448A1802DC29}"
EndProject
Project("{8BC9CEB8-8B4A-11D0-8D11-00A0C91BC942}") = "score", "score.vcxproj", "{B62010E9-1F96-4403-A4B4-3C841309BE3E}"
EndProject
Global
	GlobalSection(SolutionConfigurationPlatforms) = preSolution
		Debug|Mixed Platforms = Debug|Mixed Platforms
		Debug|Win32 = Debug|Win32
		Debug|x64 = Debug|x64
		Release|Mixed Platforms = Release|Mixed Platforms
		Release|Win32 = Release|Win32
		Release|x64 = Release|x64
	EndGlobalSection
	GlobalSection(ProjectConfigurationPlatforms) = postSolution
		{E2771FEA-3ADA-41BC-AA24-6497D17A32B1}.Debug|Mixed Platforms.ActiveCfg = Debug|Win32
		{E2771FEA-3ADA-41BC-AA24-6497D17A32B1}.Debug|Mixed Platforms.Build.0 = Debug|Win32
		{E2771FEA-3ADA-41BC-AA24-6497D17A32B1}.Debug|Win32.ActiveCfg = Debug|Win32
		{E2771FEA-3ADA-41BC-AA24-6497D17A32B1}.Debug|Win32.Build.0 = Debug|Win32
		{E2771FEA-3ADA-41BC-AA24-6497D17A32B1}.Debug|x64.ActiveCfg = Debug|x64
		{E2771FEA-3ADA-41BC-AA24-6497D17A32B1}.Debug|x64.Build.0 = Debug|x64
		{E2771FEA-3ADA-41BC-AA24-6497D17A32B1}.Release|Mixed Platforms.ActiveCfg = Release|Win32
		{E2771FEA-3ADA-41BC-AA24-6497D17A32B1}.Release|Mixed Platforms.Build.0 = Release|Win32
		{E2771FEA-3ADA-41BC-AA24-6497D17A32B1}.Release|Win32.ActiveCfg = Release|Win32
		{E2771FEA-3ADA-41BC-AA24-6497D17A32B1}.Release|Win32.Build.0 = Release|Win32
		{E2771FEA-3ADA-41BC-AA24-6497D17A32B1}.Release|x64.ActiveCfg = Release|x64
		{E2771FEA-3ADA-41BC-AA24-6497D17A32B1}.Release|x64.Build.0 = Release|x64
		{F54B1CE6-19E7-4A34-9913-1D04B336378E}.Debug|Mixed Platforms.ActiveCfg = Debug|Win32
		{F54B1CE6-19E7-4A34-9913-1D04B336378E}.Debug|Mixed Platforms.Build.0 = Debug|Win32
		{F54B1CE6-19E7-4A34-9913-1D04B336378E}.Debug|Win32.ActiveCfg = Debug|Win32
		{F54B1CE6-19E7-4A34-9913-1D04B336378E}.Debug|Win32.Build.0 = Debug|Win32
		{F54B1CE6-19E7-4A34-9913-1D04B336378E}.Debug|x64.ActiveCfg = Debug|x64
		{F54B1CE6-19E7-4A34-9913-1D04B336378E}.Debug|x64.Build.0 = Debug|x64
		{F54B1CE6-19E7-4A34-9913-1D04B336378E}.Release|Mixed Platforms.ActiveCfg = Release|Win32
		{F54B1CE6-19E7-4A34-9913-1D04B336378E}.Release|Mixed Platforms.Build.0 = Release|Win32
		{F54B1CE6-19E7-4A34-9913-1D04B336378E}.Release|Win32.ActiveCfg = Release|Win32
		{F54B1CE6-19E7-4A34-9913-1D04B336378E}.Release|Win32.Build.0 = Release|Win32
		{F54B1CE6-19E7-4A34-9913-1D04B336378E}.Release|x64.ActiveCfg = Release|x64
		{F54B1CE6-19E7-4A34-9913-1D04B336378E}.Release|x64.Build.0 = Release|x64
		{F900F8BE-6839-4F7A-B28E-448A1802DC29}.Debug|Mixed Platforms.ActiveCfg = Debug|Win32
		{F900F8BE-6839-4F7A-B28E-448A1802DC29}.Debug|Mixed Platforms.Build.0 = Debug|Win32
		{F900F8BE-6839-4F7A-B28E-448A1802DC29}.Debug|Win32.ActiveCfg = Debug|Win32
		{F900F8BE-6839-4F7A-B28E-448A1802DC29}.Debug|Win32.Build.0 = Debug|Win32
		{F900F8BE-6839-4F7A-B28E-448A1802DC29}.Debug|x64.ActiveCfg = Debug|x64
		{F900F8BE-6839-4F7A-B28E-448A1802DC29}.Debug|x64.Build.0 = Debug|x64
		{F900F8BE-6839-4F7A-B28E-448A1802DC29}.Release|Mixed Platforms.ActiveCfg = Release|Win32
		{F900F8BE-6839-4F7A-B28E-448A1802DC29}.Release|Mixed Platforms.Build.0 = Release|Win32
		{F900F8BE-6839-4F7A-B28E-448A1802DC29}.Release|Win32.ActiveCfg = Release|Win32
		{F900F8BE-6839-4F7A-B28E-448A1802DC29}.Release|Win32.Build.0 = Release|Win32
		{F900F8BE-6839-4F7A-B28E-448A1802DC29}.Release|x64.ActiveCfg = Release|x64
		{F900F8BE-6839-4F7A-B28E-448A1802DC29}.Release|x64.Build.0 = Release|x64
		{B62010E9-1F96-4403-A4B4-3C841309BE3E}.Debug|Mixed Platforms.ActiveCfg = Debug|Win32
		{B62010E9-1F96-4403-A4B4-3C841309BE3E}.Debug|Mixed Platforms.Build.0 = Debug|Win32
		{B62010E9-1F96-4403-A4B4-3C841309BE3E}.Debug|Win32.ActiveCfg = Debug|Win32
		{B62010E9-1F96-4403-A4B4-3C841309BE3E}.Debug|Win32.Build.0 = Debug|Win32
		{B62010E9-1F96-4403-A4B4-3C841309BE3E}.Debug|x64.ActiveCfg = Debug|x64
		{B62010E9-1F96-4403-A4B4-3C841309BE3E}.Debug|x64.Build.0 = Debug|x64
		{B62010E9-1F96-4403-A4B4-3C841309BE3E}.Release|Mixed Platforms.ActiveCfg = Release|Win32
		{B62010E9-1F96-4403-A4B4-3C841309BE3E}.Release|Mixed Platforms.Build.0 = Release|Win32
		{B62010E9-1F96-4403-A4B4-3C841309BE3E}.Release|Win32.ActiveCfg = Release|Win32
		{B62010E9-1F96-4403-A4B4-3C841309BE3E}.Release|Win32.Build.0 = Release|Win32
		{B62010E9-1F96-4403-A4B4-3C841309BE3E}.Release|x64.ActiveCfg = Release|x64
		{B62010E9-1F96-4403-A4B4-3C841309BE3E}.Release|x64.Build.0 = Release|x64
	EndGlobalSection
	GlobalSection(SolutionProperties) = preSolution
		HideSolutionNode = FALSE
	EndGlobalSection
EndGlobal
