<?xml version="1.0" encoding="utf-8"?>
<Project ToolsVersion="4.0" xmlns="http://schemas.microsoft.com/developer/msbuild/2003">
  <ItemGroup>
    <ClCompile Include="..\src\util\recrypt.cpp" />
    <ClCompile Include="..\dependencies\zlib_1_2_8\zutil.c">
      <Filter>zlib</Filter>
    </ClCompile>
    <ClCompile Include="..\dependencies\zlib_1_2_8\adler32.c">
      <Filter>zlib</Filter>
    </ClCompile>
    <ClCompile Include="..\dependencies\zlib_1_2_8\compress.c">
      <Filter>zlib</Filter>
    </ClCompile>
    <ClCompile Include="..\dependencies\zlib_1_2_8\crc32.c">
      <Filter>zlib</Filter>
    </ClCompile>
    <ClCompile Include="..\dependencies\zlib_1_2_8\deflate.c">
      <Filter>zlib</Filter>
    </ClCompile>
    <ClCompile Include="..\dependencies\zlib_1_2_8\gzclose.c">
      <Filter>zlib</Filter>
    </ClCompile>
    <ClCompile Include="..\dependencies\zlib_1_2_8\gzlib.c">
      <Filter>zlib</Filter>
    </ClCompile>
    <ClCompile Include="..\dependencies\zlib_1_2_8\gzread.c">
      <Filter>zlib</Filter>
    </ClCompile>
    <ClCompile Include="..\dependencies\zlib_1_2_8\gzwrite.c">
      <Filter>zlib</Filter>
    </ClCompile>
    <ClCompile Include="..\dependencies\zlib_1_2_8\infback.c">
      <Filter>zlib</Filter>
    </ClCompile>
    <ClCompile Include="..\dependencies\zlib_1_2_8\inffast.c">
      <Filter>zlib</Filter>
    </ClCompile>
    <ClCompile Include="..\dependencies\zlib_1_2_8\inflate.c">
      <Filter>zlib</Filter>
    </ClCompile>
    <ClCompile Include="..\dependencies\zlib_1_2_8\inftrees.c">
      <Filter>zlib</Filter>
    </ClCompile>
    <ClCompile Include="..\dependencies\zlib_1_2_8\trees.c">
      <Filter>zlib</Filter>
    </ClCompile>
    <ClCompile Include="..\dependencies\zlib_1_2_8\uncompr.c">
      <Filter>zlib</Filter>
    </ClCompile>
  </ItemGroup>
  <ItemGroup>
    <Filter Include="zlib">
      <UniqueIdentifier>{48bb2016-e248-4392-a737-a073cdc20f5a}</UniqueIdentifier>
    </Filter>
  </ItemGroup>
</Project>