<?xml version="1.0" encoding="utf-8"?>
<Project ToolsVersion="4.0" xmlns="http://schemas.microsoft.com/developer/msbuild/2003">
  <ItemGroup>
    <ClCompile Include="..\src\overmind.cpp" />
    <ClCompile Include="..\src\player.cpp" />
    <ClCompile Include="..\src\ship.cpp" />
    <ClCompile Include="..\src\stars.cpp" />
    <ClCompile Include="..\src\z0_game.cpp" />
    <ClCompile Include="..\dependencies\zlib_1_2_8\adler32.c">
      <Filter>zlib</Filter>
    </ClCompile>
    <ClCompile Include="..\dependencies\zlib_1_2_8\compress.c">
      <Filter>zlib</Filter>
    </ClCompile>
    <ClCompile Include="..\dependencies\zlib_1_2_8\crc32.c">
      <Filter>zlib</Filter>
    </ClCompile>
    <ClCompile Include="..\dependencies\zlib_1_2_8\deflate.c">
      <Filter>zlib</Filter>
    </ClCompile>
    <ClCompile Include="..\dependencies\zlib_1_2_8\gzclose.c">
      <Filter>zlib</Filter>
    </ClCompile>
    <ClCompile Include="..\dependencies\zlib_1_2_8\gzlib.c">
      <Filter>zlib</Filter>
    </ClCompile>
    <ClCompile Include="..\dependencies\zlib_1_2_8\gzread.c">
      <Filter>zlib</Filter>
    </ClCompile>
    <ClCompile Include="..\dependencies\zlib_1_2_8\gzwrite.c">
      <Filter>zlib</Filter>
    </ClCompile>
    <ClCompile Include="..\dependencies\zlib_1_2_8\infback.c">
      <Filter>zlib</Filter>
    </ClCompile>
    <ClCompile Include="..\dependencies\zlib_1_2_8\inffast.c">
      <Filter>zlib</Filter>
    </ClCompile>
    <ClCompile Include="..\dependencies\zlib_1_2_8\inflate.c">
      <Filter>zlib</Filter>
    </ClCompile>
    <ClCompile Include="..\dependencies\zlib_1_2_8\inftrees.c">
      <Filter>zlib</Filter>
    </ClCompile>
    <ClCompile Include="..\dependencies\zlib_1_2_8\trees.c">
      <Filter>zlib</Filter>
    </ClCompile>
    <ClCompile Include="..\dependencies\zlib_1_2_8\uncompr.c">
      <Filter>zlib</Filter>
    </ClCompile>
    <ClCompile Include="..\dependencies\zlib_1_2_8\zutil.c">
      <Filter>zlib</Filter>
    </ClCompile>
    <ClCompile Include="..\src\lib.cpp" />
    <ClCompile Include="..\src\fix32.cpp" />
    <ClCompile Include="..\src\main.cpp" />
    <ClCompile Include="..\src\z.cpp" />
    <ClCompile Include="..\src\replay.cpp" />
    <ClCompile Include="..\src\shape.cpp" />
    <ClCompile Include="..\src\save.cpp" />
    <ClCompile Include="..\src\boss.cpp" />
    <ClCompile Include="..\src\boss_square.cpp" />
    <ClCompile Include="..\src\enemy.cpp" />
    <ClCompile Include="..\src\boss_shield.cpp" />
    <ClCompile Include="..\src\boss_chaser.cpp" />
    <ClCompile Include="..\src\boss_tractor.cpp" />
    <ClCompile Include="..\src\boss_ghost.cpp" />
    <ClCompile Include="..\src\boss_deathray.cpp" />
    <ClCompile Include="..\src\boss_super.cpp" />
    <ClCompile Include="..\src\modal.cpp" />
    <ClCompile Include="..\gen\iispace.pb.cc">
      <Filter>gen</Filter>
    </ClCompile>
  </ItemGroup>
  <ItemGroup>
    <ClInclude Include="..\src\lib.h" />
    <ClInclude Include="..\src\overmind.h" />
    <ClInclude Include="..\src\player.h" />
    <ClInclude Include="..\src\shape.h" />
    <ClInclude Include="..\src\ship.h" />
    <ClInclude Include="..\src\stars.h" />
    <ClInclude Include="..\src\z0_game.h" />
    <ClInclude Include="..\src\fix32.h" />
    <ClInclude Include="..\src\z.h" />
    <ClInclude Include="..\src\replay.h" />
    <ClInclude Include="..\src\save.h" />
    <ClInclude Include="..\src\boss.h" />
    <ClInclude Include="..\src\boss_square.h" />
    <ClInclude Include="..\src\enemy.h" />
    <ClInclude Include="..\src\boss_shield.h" />
    <ClInclude Include="..\src\boss_chaser.h" />
    <ClInclude Include="..\src\boss_tractor.h" />
    <ClInclude Include="..\src\boss_ghost.h" />
    <ClInclude Include="..\src\boss_deathray.h" />
    <ClInclude Include="..\src\boss_super.h" />
    <ClInclude Include="..\src\modal.h" />
    <ClInclude Include="..\gen\iispace.pb.h">
      <Filter>gen</Filter>
    </ClInclude>
  </ItemGroup>
  <ItemGroup>
    <Filter Include="zlib">
      <UniqueIdentifier>{f8a143b3-0a8e-4152-8590-37c39420b2e9}</UniqueIdentifier>
    </Filter>
    <Filter Include="gen">
      <UniqueIdentifier>{e171efa9-641d-4f8c-afe7-50511d427ee1}</UniqueIdentifier>
    </Filter>
  </ItemGroup>
  <ItemGroup>
    <None Include="..\src\iispace.proto" />
  </ItemGroup>
</Project>