
Microsoft Visual Studio Solution File, Format Version 10.00
# Visual Studio 2008
Project("{8BC9CEB8-8B4A-11D0-8D11-00A0C91BC942}") = "WiiSpace2", "WiiSpace2.vcproj", "{28C09D09-A495-4256-BEB0-8C073A0D26BF}"
EndProject
Project("{8BC9CEB8-8B4A-11D0-8D11-00A0C91BC942}") = "WiiScore", "WiiScore.vcproj", "{368DEF69-89FD-4992-83B6-761BF60DAFC8}"
EndProject
Project("{8BC9CEB8-8B4A-11D0-8D11-00A0C91BC942}") = "GamepadConfig", "GamepadConfig.vcproj", "{937A2DA2-6307-478C-B11B-27B1F14F78DA}"
EndProject
Project("{8BC9CEB8-8B4A-11D0-8D11-00A0C91BC942}") = "lookupgen", "lookupgen.vcproj", "{C25E33B7-ABBA-43EB-A5F3-A068705580AD}"
EndProject
Global
	GlobalSection(SolutionConfigurationPlatforms) = preSolution
		Debug|Win32 = Debug|Win32
		Release|Win32 = Release|Win32
	EndGlobalSection
	GlobalSection(ProjectConfigurationPlatforms) = postSolution
		{28C09D09-A495-4256-BEB0-8C073A0D26BF}.Debug|Win32.ActiveCfg = Release|Win32
		{28C09D09-A495-4256-BEB0-8C073A0D26BF}.Debug|Win32.Build.0 = Release|Win32
		{28C09D09-A495-4256-BEB0-8C073A0D26BF}.Release|Win32.ActiveCfg = Release|x64
		{28C09D09-A495-4256-BEB0-8C073A0D26BF}.Release|Win32.Build.0 = Release|x64
		{368DEF69-89FD-4992-83B6-761BF60DAFC8}.Debug|Win32.ActiveCfg = Release|Win32
		{368DEF69-89FD-4992-83B6-761BF60DAFC8}.Debug|Win32.Build.0 = Release|Win32
		{368DEF69-89FD-4992-83B6-761BF60DAFC8}.Release|Win32.ActiveCfg = Release|Win32
		{368DEF69-89FD-4992-83B6-761BF60DAFC8}.Release|Win32.Build.0 = Release|Win32
		{937A2DA2-6307-478C-B11B-27B1F14F78DA}.Debug|Win32.ActiveCfg = Release|Win32
		{937A2DA2-6307-478C-B11B-27B1F14F78DA}.Debug|Win32.Build.0 = Release|Win32
		{937A2DA2-6307-478C-B11B-27B1F14F78DA}.Release|Win32.ActiveCfg = Release|Win32
		{937A2DA2-6307-478C-B11B-27B1F14F78DA}.Release|Win32.Build.0 = Release|Win32
		{C25E33B7-ABBA-43EB-A5F3-A068705580AD}.Debug|Win32.ActiveCfg = Debug|Win32
		{C25E33B7-ABBA-43EB-A5F3-A068705580AD}.Debug|Win32.Build.0 = Debug|Win32
		{C25E33B7-ABBA-43EB-A5F3-A068705580AD}.Release|Win32.ActiveCfg = Release|Win32
		{C25E33B7-ABBA-43EB-A5F3-A068705580AD}.Release|Win32.Build.0 = Release|Win32
	EndGlobalSection
	GlobalSection(SolutionProperties) = preSolution
		HideSolutionNode = FALSE
	EndGlobalSection
EndGlobal
